// !$*UTF8*$!
{
	archiveVersion = 1;
	classes = {
	};
	objectVersion = 50;
	objects = {

/* Begin PBXBuildFile section */
		230DF94A2187AF0C00DC15DF /* JWSimpleTableViewController.swift in Sources */ = {isa = PBXBuildFile; fileRef = 230DF9492187AF0C00DC15DF /* JWSimpleTableViewController.swift */; };
		233EE9F82188772E00EC1844 /* JWLabel.swift in Sources */ = {isa = PBXBuildFile; fileRef = 233EE9F72188772E00EC1844 /* JWLabel.swift */; };
		23558415219A99E40074A68E /* EFImageViewZoom.swift in Sources */ = {isa = PBXBuildFile; fileRef = 23558414219A99E40074A68E /* EFImageViewZoom.swift */; };
		23633D56214656E3009DB8FB /* PersianDateTime.swift in Sources */ = {isa = PBXBuildFile; fileRef = 23633D55214656E3009DB8FB /* PersianDateTime.swift */; };
		23633D5921465765009DB8FB /* ToENNumbers.swift in Sources */ = {isa = PBXBuildFile; fileRef = 23633D5821465765009DB8FB /* ToENNumbers.swift */; };
		23633D5D21465806009DB8FB /* JWRoundedTextField.swift in Sources */ = {isa = PBXBuildFile; fileRef = 23633D5C21465806009DB8FB /* JWRoundedTextField.swift */; };
		23633D6021465824009DB8FB /* JWRoundedTextView.swift in Sources */ = {isa = PBXBuildFile; fileRef = 23633D5F21465824009DB8FB /* JWRoundedTextView.swift */; };
		23633D642146585F009DB8FB /* ColorExtension.swift in Sources */ = {isa = PBXBuildFile; fileRef = 23633D632146585F009DB8FB /* ColorExtension.swift */; };
		23633D6721465885009DB8FB /* JWRoundedButton.swift in Sources */ = {isa = PBXBuildFile; fileRef = 23633D6621465885009DB8FB /* JWRoundedButton.swift */; };
		237A29412186E934009AAB98 /* JWSwitch.swift in Sources */ = {isa = PBXBuildFile; fileRef = 237A29402186E934009AAB98 /* JWSwitch.swift */; };
		238FC61C2184274800A87958 /* JWScrollview.swift in Sources */ = {isa = PBXBuildFile; fileRef = 238FC61B2184274800A87958 /* JWScrollview.swift */; };
		238FC626218450C800A87958 /* JWSimpleMessageDialog.swift in Sources */ = {isa = PBXBuildFile; fileRef = 238FC625218450C800A87958 /* JWSimpleMessageDialog.swift */; };
		239D4FB92196A58F0085DBFA /* ImageHelper.swift in Sources */ = {isa = PBXBuildFile; fileRef = 239D4FB82196A58E0085DBFA /* ImageHelper.swift */; };
		23CFFE3C2143CEF50038F28D /* JWCommonLib.h in Headers */ = {isa = PBXBuildFile; fileRef = 23CFFE3A2143CEF50038F28D /* JWCommonLib.h */; settings = {ATTRIBUTES = (Public, ); }; };
		23CFFE432143CFBD0038F28D /* JWBaseUIViewController.swift in Sources */ = {isa = PBXBuildFile; fileRef = 23CFFE422143CFBD0038F28D /* JWBaseUIViewController.swift */; };
		23DB9EAE2196A3EA0005F0E1 /* EXTUIImage.swift in Sources */ = {isa = PBXBuildFile; fileRef = 23DB9EAB2196A3EA0005F0E1 /* EXTUIImage.swift */; };
		23DB9EAF2196A3EA0005F0E1 /* JpegResize.swift in Sources */ = {isa = PBXBuildFile; fileRef = 23DB9EAC2196A3EA0005F0E1 /* JpegResize.swift */; };
		23DB9EB02196A3EA0005F0E1 /* MimeType.swift in Sources */ = {isa = PBXBuildFile; fileRef = 23DB9EAD2196A3EA0005F0E1 /* MimeType.swift */; };
		23E753C02182DB3C000AF331 /* JWSimpleSpinner.swift in Sources */ = {isa = PBXBuildFile; fileRef = 23E753BF2182DB3B000AF331 /* JWSimpleSpinner.swift */; };
/* End PBXBuildFile section */

/* Begin PBXFileReference section */
		230DF9492187AF0C00DC15DF /* JWSimpleTableViewController.swift */ = {isa = PBXFileReference; lastKnownFileType = sourcecode.swift; path = JWSimpleTableViewController.swift; sourceTree = "<group>"; };
		233EE9F72188772E00EC1844 /* JWLabel.swift */ = {isa = PBXFileReference; lastKnownFileType = sourcecode.swift; path = JWLabel.swift; sourceTree = "<group>"; };
		23558414219A99E40074A68E /* EFImageViewZoom.swift */ = {isa = PBXFileReference; fileEncoding = 4; lastKnownFileType = sourcecode.swift; path = EFImageViewZoom.swift; sourceTree = "<group>"; };
		23633D55214656E3009DB8FB /* PersianDateTime.swift */ = {isa = PBXFileReference; fileEncoding = 4; lastKnownFileType = sourcecode.swift; path = PersianDateTime.swift; sourceTree = "<group>"; };
		23633D5821465765009DB8FB /* ToENNumbers.swift */ = {isa = PBXFileReference; fileEncoding = 4; lastKnownFileType = sourcecode.swift; path = ToENNumbers.swift; sourceTree = "<group>"; };
		23633D5C21465806009DB8FB /* JWRoundedTextField.swift */ = {isa = PBXFileReference; fileEncoding = 4; lastKnownFileType = sourcecode.swift; path = JWRoundedTextField.swift; sourceTree = "<group>"; };
		23633D5F21465824009DB8FB /* JWRoundedTextView.swift */ = {isa = PBXFileReference; fileEncoding = 4; lastKnownFileType = sourcecode.swift; path = JWRoundedTextView.swift; sourceTree = "<group>"; };
		23633D632146585F009DB8FB /* ColorExtension.swift */ = {isa = PBXFileReference; fileEncoding = 4; lastKnownFileType = sourcecode.swift; path = ColorExtension.swift; sourceTree = "<group>"; };
		23633D6621465885009DB8FB /* JWRoundedButton.swift */ = {isa = PBXFileReference; fileEncoding = 4; lastKnownFileType = sourcecode.swift; path = JWRoundedButton.swift; sourceTree = "<group>"; };
		237A29402186E934009AAB98 /* JWSwitch.swift */ = {isa = PBXFileReference; lastKnownFileType = sourcecode.swift; path = JWSwitch.swift; sourceTree = "<group>"; };
		238FC61B2184274800A87958 /* JWScrollview.swift */ = {isa = PBXFileReference; lastKnownFileType = sourcecode.swift; path = JWScrollview.swift; sourceTree = "<group>"; };
		238FC625218450C800A87958 /* JWSimpleMessageDialog.swift */ = {isa = PBXFileReference; fileEncoding = 4; lastKnownFileType = sourcecode.swift; path = JWSimpleMessageDialog.swift; sourceTree = "<group>"; };
		239D4FB82196A58E0085DBFA /* ImageHelper.swift */ = {isa = PBXFileReference; lastKnownFileType = sourcecode.swift; path = ImageHelper.swift; sourceTree = "<group>"; };
		23CFFE372143CEF50038F28D /* JWCommonLib.framework */ = {isa = PBXFileReference; explicitFileType = wrapper.framework; includeInIndex = 0; path = JWCommonLib.framework; sourceTree = BUILT_PRODUCTS_DIR; };
		23CFFE3A2143CEF50038F28D /* JWCommonLib.h */ = {isa = PBXFileReference; lastKnownFileType = sourcecode.c.h; path = JWCommonLib.h; sourceTree = "<group>"; };
		23CFFE3B2143CEF50038F28D /* Info.plist */ = {isa = PBXFileReference; lastKnownFileType = text.plist.xml; path = Info.plist; sourceTree = "<group>"; };
		23CFFE422143CFBD0038F28D /* JWBaseUIViewController.swift */ = {isa = PBXFileReference; fileEncoding = 4; lastKnownFileType = sourcecode.swift; path = JWBaseUIViewController.swift; sourceTree = "<group>"; };
		23DB9EAB2196A3EA0005F0E1 /* EXTUIImage.swift */ = {isa = PBXFileReference; fileEncoding = 4; lastKnownFileType = sourcecode.swift; path = EXTUIImage.swift; sourceTree = "<group>"; };
		23DB9EAC2196A3EA0005F0E1 /* JpegResize.swift */ = {isa = PBXFileReference; fileEncoding = 4; lastKnownFileType = sourcecode.swift; path = JpegResize.swift; sourceTree = "<group>"; };
		23DB9EAD2196A3EA0005F0E1 /* MimeType.swift */ = {isa = PBXFileReference; fileEncoding = 4; lastKnownFileType = sourcecode.swift; path = MimeType.swift; sourceTree = "<group>"; };
		23E753BF2182DB3B000AF331 /* JWSimpleSpinner.swift */ = {isa = PBXFileReference; fileEncoding = 4; lastKnownFileType = sourcecode.swift; path = JWSimpleSpinner.swift; sourceTree = "<group>"; };
/* End PBXFileReference section */

/* Begin PBXFrameworksBuildPhase section */
		23CFFE332143CEF50038F28D /* Frameworks */ = {
			isa = PBXFrameworksBuildPhase;
			buildActionMask = 2147483647;
			files = (
			);
			runOnlyForDeploymentPostprocessing = 0;
		};
/* End PBXFrameworksBuildPhase section */

/* Begin PBXGroup section */
		230DF9482187AEE600DC15DF /* TableView */ = {
			isa = PBXGroup;
			children = (
				230DF9492187AF0C00DC15DF /* JWSimpleTableViewController.swift */,
			);
			path = TableView;
			sourceTree = "<group>";
		};
		233EE9F62188771800EC1844 /* Label */ = {
			isa = PBXGroup;
			children = (
				233EE9F72188772E00EC1844 /* JWLabel.swift */,
			);
			path = Label;
			sourceTree = "<group>";
		};
		23633D5221465651009DB8FB /* Extension */ = {
			isa = PBXGroup;
			children = (
				23633D622146584E009DB8FB /* Color */,
				23633D5721465753009DB8FB /* String */,
				23633D54214656CC009DB8FB /* DateTime */,
			);
			path = Extension;
			sourceTree = "<group>";
		};
		23633D54214656CC009DB8FB /* DateTime */ = {
			isa = PBXGroup;
			children = (
				23633D55214656E3009DB8FB /* PersianDateTime.swift */,
			);
			path = DateTime;
			sourceTree = "<group>";
		};
		23633D5721465753009DB8FB /* String */ = {
			isa = PBXGroup;
			children = (
				23633D5821465765009DB8FB /* ToENNumbers.swift */,
			);
			path = String;
			sourceTree = "<group>";
		};
		23633D5A21465794009DB8FB /* Controls */ = {
			isa = PBXGroup;
			children = (
				233EE9F62188771800EC1844 /* Label */,
				230DF9482187AEE600DC15DF /* TableView */,
				237A293F2186E91C009AAB98 /* Switch */,
				238FC624218450B100A87958 /* Dialog */,
				238FC61A218426FE00A87958 /* Scrollview */,
				23E753BE2182DB1F000AF331 /* Spinner */,
				23633D6521465871009DB8FB /* Button */,
				23633D5E21465812009DB8FB /* TextView */,
				23633D5B214657E9009DB8FB /* TextField */,
			);
			path = Controls;
			sourceTree = "<group>";
		};
		23633D5B214657E9009DB8FB /* TextField */ = {
			isa = PBXGroup;
			children = (
				23633D5C21465806009DB8FB /* JWRoundedTextField.swift */,
			);
			path = TextField;
			sourceTree = "<group>";
		};
		23633D5E21465812009DB8FB /* TextView */ = {
			isa = PBXGroup;
			children = (
				23633D5F21465824009DB8FB /* JWRoundedTextView.swift */,
			);
			path = TextView;
			sourceTree = "<group>";
		};
		23633D622146584E009DB8FB /* Color */ = {
			isa = PBXGroup;
			children = (
				23633D632146585F009DB8FB /* ColorExtension.swift */,
			);
			path = Color;
			sourceTree = "<group>";
		};
		23633D6521465871009DB8FB /* Button */ = {
			isa = PBXGroup;
			children = (
				23633D6621465885009DB8FB /* JWRoundedButton.swift */,
			);
			path = Button;
			sourceTree = "<group>";
		};
		237A293F2186E91C009AAB98 /* Switch */ = {
			isa = PBXGroup;
			children = (
				237A29402186E934009AAB98 /* JWSwitch.swift */,
			);
			path = Switch;
			sourceTree = "<group>";
		};
		238FC61A218426FE00A87958 /* Scrollview */ = {
			isa = PBXGroup;
			children = (
				238FC61B2184274800A87958 /* JWScrollview.swift */,
			);
			path = Scrollview;
			sourceTree = "<group>";
		};
		238FC624218450B100A87958 /* Dialog */ = {
			isa = PBXGroup;
			children = (
				238FC625218450C800A87958 /* JWSimpleMessageDialog.swift */,
			);
			path = Dialog;
			sourceTree = "<group>";
		};
		23CFFE2D2143CEF50038F28D = {
			isa = PBXGroup;
			children = (
				23CFFE392143CEF50038F28D /* JWCommonLib */,
				23CFFE382143CEF50038F28D /* Products */,
			);
			sourceTree = "<group>";
		};
		23CFFE382143CEF50038F28D /* Products */ = {
			isa = PBXGroup;
			children = (
				23CFFE372143CEF50038F28D /* JWCommonLib.framework */,
			);
			name = Products;
			sourceTree = "<group>";
		};
		23CFFE392143CEF50038F28D /* JWCommonLib */ = {
			isa = PBXGroup;
			children = (
				23DB9EAA2196A3CB0005F0E1 /* Images */,
				23633D5A21465794009DB8FB /* Controls */,
				23633D5221465651009DB8FB /* Extension */,
				23CFFE442143CFC90038F28D /* Bases */,
				23CFFE3A2143CEF50038F28D /* JWCommonLib.h */,
				23CFFE3B2143CEF50038F28D /* Info.plist */,
			);
			path = JWCommonLib;
			sourceTree = "<group>";
		};
		23CFFE442143CFC90038F28D /* Bases */ = {
			isa = PBXGroup;
			children = (
				23CFFE422143CFBD0038F28D /* JWBaseUIViewController.swift */,
			);
			path = Bases;
			sourceTree = "<group>";
		};
		23DB9EAA2196A3CB0005F0E1 /* Images */ = {
			isa = PBXGroup;
			children = (
				23558414219A99E40074A68E /* EFImageViewZoom.swift */,
				23DB9EAB2196A3EA0005F0E1 /* EXTUIImage.swift */,
				23DB9EAC2196A3EA0005F0E1 /* JpegResize.swift */,
				23DB9EAD2196A3EA0005F0E1 /* MimeType.swift */,
				239D4FB82196A58E0085DBFA /* ImageHelper.swift */,
			);
			name = Images;
			path = "New Group";
			sourceTree = "<group>";
		};
		23E753BE2182DB1F000AF331 /* Spinner */ = {
			isa = PBXGroup;
			children = (
				23E753BF2182DB3B000AF331 /* JWSimpleSpinner.swift */,
			);
			path = Spinner;
			sourceTree = "<group>";
		};
/* End PBXGroup section */

/* Begin PBXHeadersBuildPhase section */
		23CFFE342143CEF50038F28D /* Headers */ = {
			isa = PBXHeadersBuildPhase;
			buildActionMask = 2147483647;
			files = (
				23CFFE3C2143CEF50038F28D /* JWCommonLib.h in Headers */,
			);
			runOnlyForDeploymentPostprocessing = 0;
		};
/* End PBXHeadersBuildPhase section */

/* Begin PBXNativeTarget section */
		23CFFE362143CEF50038F28D /* JWCommonLib */ = {
			isa = PBXNativeTarget;
			buildConfigurationList = 23CFFE3F2143CEF50038F28D /* Build configuration list for PBXNativeTarget "JWCommonLib" */;
			buildPhases = (
				23CFFE322143CEF50038F28D /* Sources */,
				23CFFE332143CEF50038F28D /* Frameworks */,
				23CFFE342143CEF50038F28D /* Headers */,
				23CFFE352143CEF50038F28D /* Resources */,
			);
			buildRules = (
			);
			dependencies = (
			);
			name = JWCommonLib;
			productName = JWCommonLib;
			productReference = 23CFFE372143CEF50038F28D /* JWCommonLib.framework */;
			productType = "com.apple.product-type.framework";
		};
/* End PBXNativeTarget section */

/* Begin PBXProject section */
		23CFFE2E2143CEF50038F28D /* Project object */ = {
			isa = PBXProject;
			attributes = {
				LastUpgradeCheck = 0940;
				ORGANIZATIONNAME = "Amir Fahmideh";
				TargetAttributes = {
					23CFFE362143CEF50038F28D = {
						CreatedOnToolsVersion = 9.4.1;
						LastSwiftMigration = 0940;
					};
				};
			};
			buildConfigurationList = 23CFFE312143CEF50038F28D /* Build configuration list for PBXProject "JWCommonLib" */;
			compatibilityVersion = "Xcode 9.3";
			developmentRegion = en;
			hasScannedForEncodings = 0;
			knownRegions = (
				en,
			);
			mainGroup = 23CFFE2D2143CEF50038F28D;
			productRefGroup = 23CFFE382143CEF50038F28D /* Products */;
			projectDirPath = "";
			projectRoot = "";
			targets = (
				23CFFE362143CEF50038F28D /* JWCommonLib */,
			);
		};
/* End PBXProject section */

/* Begin PBXResourcesBuildPhase section */
		23CFFE352143CEF50038F28D /* Resources */ = {
			isa = PBXResourcesBuildPhase;
			buildActionMask = 2147483647;
			files = (
			);
			runOnlyForDeploymentPostprocessing = 0;
		};
/* End PBXResourcesBuildPhase section */

/* Begin PBXSourcesBuildPhase section */
		23CFFE322143CEF50038F28D /* Sources */ = {
			isa = PBXSourcesBuildPhase;
			buildActionMask = 2147483647;
			files = (
				230DF94A2187AF0C00DC15DF /* JWSimpleTableViewController.swift in Sources */,
				23633D5921465765009DB8FB /* ToENNumbers.swift in Sources */,
				23558415219A99E40074A68E /* EFImageViewZoom.swift in Sources */,
				23CFFE432143CFBD0038F28D /* JWBaseUIViewController.swift in Sources */,
				23DB9EB02196A3EA0005F0E1 /* MimeType.swift in Sources */,
				23633D56214656E3009DB8FB /* PersianDateTime.swift in Sources */,
				23633D642146585F009DB8FB /* ColorExtension.swift in Sources */,
				23DB9EAE2196A3EA0005F0E1 /* EXTUIImage.swift in Sources */,
				23DB9EAF2196A3EA0005F0E1 /* JpegResize.swift in Sources */,
				23633D6721465885009DB8FB /* JWRoundedButton.swift in Sources */,
				237A29412186E934009AAB98 /* JWSwitch.swift in Sources */,
				23633D5D21465806009DB8FB /* JWRoundedTextField.swift in Sources */,
				238FC61C2184274800A87958 /* JWScrollview.swift in Sources */,
				238FC626218450C800A87958 /* JWSimpleMessageDialog.swift in Sources */,
				23633D6021465824009DB8FB /* JWRoundedTextView.swift in Sources */,
				23E753C02182DB3C000AF331 /* JWSimpleSpinner.swift in Sources */,
				233EE9F82188772E00EC1844 /* JWLabel.swift in Sources */,
				239D4FB92196A58F0085DBFA /* ImageHelper.swift in Sources */,
			);
			runOnlyForDeploymentPostprocessing = 0;
		};
/* End PBXSourcesBuildPhase section */

/* Begin XCBuildConfiguration section */
		23CFFE3D2143CEF50038F28D /* Debug */ = {
			isa = XCBuildConfiguration;
			buildSettings = {
				ALWAYS_SEARCH_USER_PATHS = NO;
				CLANG_ANALYZER_NONNULL = YES;
				CLANG_ANALYZER_NUMBER_OBJECT_CONVERSION = YES_AGGRESSIVE;
				CLANG_CXX_LANGUAGE_STANDARD = "gnu++14";
				CLANG_CXX_LIBRARY = "libc++";
				CLANG_ENABLE_MODULES = YES;
				CLANG_ENABLE_OBJC_ARC = YES;
				CLANG_ENABLE_OBJC_WEAK = YES;
				CLANG_WARN_BLOCK_CAPTURE_AUTORELEASING = YES;
				CLANG_WARN_BOOL_CONVERSION = YES;
				CLANG_WARN_COMMA = YES;
				CLANG_WARN_CONSTANT_CONVERSION = YES;
				CLANG_WARN_DEPRECATED_OBJC_IMPLEMENTATIONS = YES;
				CLANG_WARN_DIRECT_OBJC_ISA_USAGE = YES_ERROR;
				CLANG_WARN_DOCUMENTATION_COMMENTS = YES;
				CLANG_WARN_EMPTY_BODY = YES;
				CLANG_WARN_ENUM_CONVERSION = YES;
				CLANG_WARN_INFINITE_RECURSION = YES;
				CLANG_WARN_INT_CONVERSION = YES;
				CLANG_WARN_NON_LITERAL_NULL_CONVERSION = YES;
				CLANG_WARN_OBJC_IMPLICIT_RETAIN_SELF = YES;
				CLANG_WARN_OBJC_LITERAL_CONVERSION = YES;
				CLANG_WARN_OBJC_ROOT_CLASS = YES_ERROR;
				CLANG_WARN_RANGE_LOOP_ANALYSIS = YES;
				CLANG_WARN_STRICT_PROTOTYPES = YES;
				CLANG_WARN_SUSPICIOUS_MOVE = YES;
				CLANG_WARN_UNGUARDED_AVAILABILITY = YES_AGGRESSIVE;
				CLANG_WARN_UNREACHABLE_CODE = YES;
				CLANG_WARN__DUPLICATE_METHOD_MATCH = YES;
				CODE_SIGN_IDENTITY = "iPhone Developer";
				COPY_PHASE_STRIP = NO;
				CURRENT_PROJECT_VERSION = 1;
				DEBUG_INFORMATION_FORMAT = dwarf;
				ENABLE_STRICT_OBJC_MSGSEND = YES;
				ENABLE_TESTABILITY = YES;
				GCC_C_LANGUAGE_STANDARD = gnu11;
				GCC_DYNAMIC_NO_PIC = NO;
				GCC_NO_COMMON_BLOCKS = YES;
				GCC_OPTIMIZATION_LEVEL = 0;
				GCC_PREPROCESSOR_DEFINITIONS = (
					"DEBUG=1",
					"$(inherited)",
				);
				GCC_WARN_64_TO_32_BIT_CONVERSION = YES;
				GCC_WARN_ABOUT_RETURN_TYPE = YES_ERROR;
				GCC_WARN_UNDECLARED_SELECTOR = YES;
				GCC_WARN_UNINITIALIZED_AUTOS = YES_AGGRESSIVE;
				GCC_WARN_UNUSED_FUNCTION = YES;
				GCC_WARN_UNUSED_VARIABLE = YES;
				IPHONEOS_DEPLOYMENT_TARGET = 9.0;
				MTL_ENABLE_DEBUG_INFO = YES;
				ONLY_ACTIVE_ARCH = YES;
				SDKROOT = iphoneos;
				SWIFT_ACTIVE_COMPILATION_CONDITIONS = DEBUG;
				SWIFT_OPTIMIZATION_LEVEL = "-Onone";
				VERSIONING_SYSTEM = "apple-generic";
				VERSION_INFO_PREFIX = "";
			};
			name = Debug;
		};
		23CFFE3E2143CEF50038F28D /* Release */ = {
			isa = XCBuildConfiguration;
			buildSettings = {
				ALWAYS_SEARCH_USER_PATHS = NO;
				CLANG_ANALYZER_NONNULL = YES;
				CLANG_ANALYZER_NUMBER_OBJECT_CONVERSION = YES_AGGRESSIVE;
				CLANG_CXX_LANGUAGE_STANDARD = "gnu++14";
				CLANG_CXX_LIBRARY = "libc++";
				CLANG_ENABLE_MODULES = YES;
				CLANG_ENABLE_OBJC_ARC = YES;
				CLANG_ENABLE_OBJC_WEAK = YES;
				CLANG_WARN_BLOCK_CAPTURE_AUTORELEASING = YES;
				CLANG_WARN_BOOL_CONVERSION = YES;
				CLANG_WARN_COMMA = YES;
				CLANG_WARN_CONSTANT_CONVERSION = YES;
				CLANG_WARN_DEPRECATED_OBJC_IMPLEMENTATIONS = YES;
				CLANG_WARN_DIRECT_OBJC_ISA_USAGE = YES_ERROR;
				CLANG_WARN_DOCUMENTATION_COMMENTS = YES;
				CLANG_WARN_EMPTY_BODY = YES;
				CLANG_WARN_ENUM_CONVERSION = YES;
				CLANG_WARN_INFINITE_RECURSION = YES;
				CLANG_WARN_INT_CONVERSION = YES;
				CLANG_WARN_NON_LITERAL_NULL_CONVERSION = YES;
				CLANG_WARN_OBJC_IMPLICIT_RETAIN_SELF = YES;
				CLANG_WARN_OBJC_LITERAL_CONVERSION = YES;
				CLANG_WARN_OBJC_ROOT_CLASS = YES_ERROR;
				CLANG_WARN_RANGE_LOOP_ANALYSIS = YES;
				CLANG_WARN_STRICT_PROTOTYPES = YES;
				CLANG_WARN_SUSPICIOUS_MOVE = YES;
				CLANG_WARN_UNGUARDED_AVAILABILITY = YES_AGGRESSIVE;
				CLANG_WARN_UNREACHABLE_CODE = YES;
				CLANG_WARN__DUPLICATE_METHOD_MATCH = YES;
				CODE_SIGN_IDENTITY = "iPhone Developer";
				COPY_PHASE_STRIP = NO;
				CURRENT_PROJECT_VERSION = 1;
				DEBUG_INFORMATION_FORMAT = "dwarf-with-dsym";
				ENABLE_NS_ASSERTIONS = NO;
				ENABLE_STRICT_OBJC_MSGSEND = YES;
				GCC_C_LANGUAGE_STANDARD = gnu11;
				GCC_NO_COMMON_BLOCKS = YES;
				GCC_WARN_64_TO_32_BIT_CONVERSION = YES;
				GCC_WARN_ABOUT_RETURN_TYPE = YES_ERROR;
				GCC_WARN_UNDECLARED_SELECTOR = YES;
				GCC_WARN_UNINITIALIZED_AUTOS = YES_AGGRESSIVE;
				GCC_WARN_UNUSED_FUNCTION = YES;
				GCC_WARN_UNUSED_VARIABLE = YES;
				IPHONEOS_DEPLOYMENT_TARGET = 9.0;
				MTL_ENABLE_DEBUG_INFO = NO;
				SDKROOT = iphoneos;
				SWIFT_COMPILATION_MODE = wholemodule;
				SWIFT_OPTIMIZATION_LEVEL = "-O";
				VALIDATE_PRODUCT = YES;
				VERSIONING_SYSTEM = "apple-generic";
				VERSION_INFO_PREFIX = "";
			};
			name = Release;
		};
		23CFFE402143CEF50038F28D /* Debug */ = {
			isa = XCBuildConfiguration;
			buildSettings = {
				CLANG_ENABLE_MODULES = YES;
				CODE_SIGN_IDENTITY = "";
				CODE_SIGN_STYLE = Automatic;
				DEFINES_MODULE = YES;
				DEVELOPMENT_TEAM = 49S6M48PP8;
				DYLIB_COMPATIBILITY_VERSION = 1;
				DYLIB_CURRENT_VERSION = 1;
				DYLIB_INSTALL_NAME_BASE = "@rpath";
				INFOPLIST_FILE = JWCommonLib/Info.plist;
				INSTALL_PATH = "$(LOCAL_LIBRARY_DIR)/Frameworks";
				LD_RUNPATH_SEARCH_PATHS = (
					"$(inherited)",
					"@executable_path/Frameworks",
					"@loader_path/Frameworks",
				);
				PRODUCT_BUNDLE_IDENTIFIER = whiz.ir.JWCommonLib;
				PRODUCT_NAME = "$(TARGET_NAME:c99extidentifier)";
				SKIP_INSTALL = YES;
				SWIFT_OPTIMIZATION_LEVEL = "-Onone";
				SWIFT_VERSION = 4.0;
				TARGETED_DEVICE_FAMILY = "1,2";
			};
			name = Debug;
		};
		23CFFE412143CEF50038F28D /* Release */ = {
			isa = XCBuildConfiguration;
			buildSettings = {
				CLANG_ENABLE_MODULES = YES;
				CODE_SIGN_IDENTITY = "";
				CODE_SIGN_STYLE = Automatic;
				DEFINES_MODULE = YES;
				DEVELOPMENT_TEAM = 49S6M48PP8;
				DYLIB_COMPATIBILITY_VERSION = 1;
				DYLIB_CURRENT_VERSION = 1;
				DYLIB_INSTALL_NAME_BASE = "@rpath";
				INFOPLIST_FILE = JWCommonLib/Info.plist;
				INSTALL_PATH = "$(LOCAL_LIBRARY_DIR)/Frameworks";
				LD_RUNPATH_SEARCH_PATHS = (
					"$(inherited)",
					"@executable_path/Frameworks",
					"@loader_path/Frameworks",
				);
				PRODUCT_BUNDLE_IDENTIFIER = whiz.ir.JWCommonLib;
				PRODUCT_NAME = "$(TARGET_NAME:c99extidentifier)";
				SKIP_INSTALL = YES;
				SWIFT_VERSION = 4.0;
				TARGETED_DEVICE_FAMILY = "1,2";
			};
			name = Release;
		};
/* End XCBuildConfiguration section */

/* Begin XCConfigurationList section */
		23CFFE312143CEF50038F28D /* Build configuration list for PBXProject "JWCommonLib" */ = {
			isa = XCConfigurationList;
			buildConfigurations = (
				23CFFE3D2143CEF50038F28D /* Debug */,
				23CFFE3E2143CEF50038F28D /* Release */,
			);
			defaultConfigurationIsVisible = 0;
			defaultConfigurationName = Release;
		};
		23CFFE3F2143CEF50038F28D /* Build configuration list for PBXNativeTarget "JWCommonLib" */ = {
			isa = XCConfigurationList;
			buildConfigurations = (
				23CFFE402143CEF50038F28D /* Debug */,
				23CFFE412143CEF50038F28D /* Release */,
			);
			defaultConfigurationIsVisible = 0;
			defaultConfigurationName = Release;
		};
/* End XCConfigurationList section */
	};
	rootObject = 23CFFE2E2143CEF50038F28D /* Project object */;
}
